
Microsoft Visual Studio Solution File, Format Version 12.00
# Visual Studio Version 16
VisualStudioVersion = 16.0.32228.343
MinimumVisualStudioVersion = 10.0.40219.1
Project("{FAE04EC0-301F-11D3-BF4B-00C04F79EFBC}") = "Static", "Static\Static.csproj", "{FDFEFE41-74C6-40FE-B7CB-4D22221CA87C}"
EndProject
Global
	GlobalSection(SolutionConfigurationPlatforms) = preSolution
		Debug|Any CPU = Debug|Any CPU
		Release|Any CPU = Release|Any CPU
	EndGlobalSection
	GlobalSection(ProjectConfigurationPlatforms) = postSolution
		{FDFEFE41-74C6-40FE-B7CB-4D22221CA87C}.Debug|Any CPU.ActiveCfg = Debug|Any CPU
		{FDFEFE41-74C6-40FE-B7CB-4D22221CA87C}.Debug|Any CPU.Build.0 = Debug|Any CPU
		{FDFEFE41-74C6-40FE-B7CB-4D22221CA87C}.Release|Any CPU.ActiveCfg = Release|Any CPU
		{FDFEFE41-74C6-40FE-B7CB-4D22221CA87C}.Release|Any CPU.Build.0 = Release|Any CPU
	EndGlobalSection
	GlobalSection(SolutionProperties) = preSolution
		HideSolutionNode = FALSE
	EndGlobalSection
	GlobalSection(ExtensibilityGlobals) = postSolution
		SolutionGuid = {EF6A1B83-723C-4564-BA4E-0DA3AABE6789}
	EndGlobalSection
EndGlobal
